# THIS IS AN AUTOGENERATED FILE. DO NOT EDIT THIS FILE DIRECTLY.
# yarn lockfile v1


chrome-extension-async@^3.3.0:
  version "3.3.0"
  resolved "https://registry.yarnpkg.com/chrome-extension-async/-/chrome-extension-async-3.3.0.tgz#bdfc4badfdd76cbf05e7701bb362d7cdd8fdd414"
  integrity sha512-TkYZDOlNDcDomyfY8FRVVuhmdHUVyrA7Q7rx6OmFLBSjfVYbIAI+pNUcx9qWBogW48oMSb7eQMPg7kwub3XAvg==
